#
# This file is autogenerated by pip-compile with Python 3.10
# by the following command:
#
#    pip-compile --extra=test --output-file=requirements.lock
#
asgiref==3.8.1
    # via
    #   Horeca (pyproject.toml)
    #   django
async-timeout==5.0.1
    # via redis
django==5.1.4
    # via
    #   Horeca (pyproject.toml)
    #   django-redis
django-environ==0.11.2
    # via Horeca (pyproject.toml)
django-redis==5.4.0
    # via Horeca (pyproject.toml)
pillow==11.0.0
    # via Horeca (pyproject.toml)
psycopg2-binary==2.9.10
    # via Horeca (pyproject.toml)
redis==5.2.1
    # via
    #   Horeca (pyproject.toml)
    #   django-redis
sqlparse==0.5.3
    # via
    #   Horeca (pyproject.toml)
    #   django
typing-extensions==4.12.2
    # via asgiref
